
Microsoft Visual Studio Solution File, Format Version 12.00
# Visual Studio 14
VisualStudioVersion = 14.0.25420.1
MinimumVisualStudioVersion = 10.0.40219.1
Project("{8BC9CEB8-8B4A-11D0-8D11-00A0C91BC942}") = "abbyy", "abbyy\abbyy.vcxproj", "{4DA3332F-4C51-4F3C-BB10-1D4C66D9ACB0}"
EndProject
Project("{8BC9CEB8-8B4A-11D0-8D11-00A0C91BC942}") = "task3_static", "task3_static\task3_static.vcxproj", "{FB07DBE0-ACF8-4BA3-BA16-9F09A9F329AF}"
EndProject
Project("{8BC9CEB8-8B4A-11D0-8D11-00A0C91BC942}") = "task3_client_static", "task3_client_static\task3_client_static.vcxproj", "{FB6E38DC-6715-4FFF-9EBA-A477429AA83D}"
EndProject
Project("{8BC9CEB8-8B4A-11D0-8D11-00A0C91BC942}") = "test1", "test1\test1.vcxproj", "{C36AC96F-DE8C-41E7-8DCA-1C7E34D05F26}"
EndProject
Project("{8BC9CEB8-8B4A-11D0-8D11-00A0C91BC942}") = "task3_client_dynamic", "task3_client_dynamic\task3_client_dynamic.vcxproj", "{CF25AC63-8974-4C0B-B361-76F440D6ED1A}"
EndProject
Project("{8BC9CEB8-8B4A-11D0-8D11-00A0C91BC942}") = "task3_dynamic", "task3_dynamic\task3_dynamic.vcxproj", "{5E6C4F08-C624-4485-8072-0BCB15487C2A}"
EndProject
Project("{8BC9CEB8-8B4A-11D0-8D11-00A0C91BC942}") = "task2", "task2\task2.vcxproj", "{9EA2E176-52DC-410F-8F0A-50030A2234A2}"
EndProject
Project("{8BC9CEB8-8B4A-11D0-8D11-00A0C91BC942}") = "task3_client_LoadLibrary", "task3_client_LoadLibrary\task3_client_LoadLibrary.vcxproj", "{E8A83558-046E-4374-A554-1BFA9B81C4DC}"
EndProject
Project("{8BC9CEB8-8B4A-11D0-8D11-00A0C91BC942}") = "task4_Worker", "task4_Worker\task4_Worker.vcxproj", "{C265CD83-B303-4E2C-9A2A-491DC47B921D}"
EndProject
Project("{8BC9CEB8-8B4A-11D0-8D11-00A0C91BC942}") = "task4_FilterText", "task4_FilterText\task4_FilterText.vcxproj", "{75ABD8F3-A37D-4ED0-9BA2-20EB00E48724}"
EndProject
Project("{8BC9CEB8-8B4A-11D0-8D11-00A0C91BC942}") = "task6-7", "task6-7\task6-7.vcxproj", "{EC6C4F0C-AA4A-4408-A0C5-5E9FDB55A830}"
EndProject
Project("{8BC9CEB8-8B4A-11D0-8D11-00A0C91BC942}") = "task8", "task8\task8.vcxproj", "{71DF9006-509E-41E9-90C6-090B94C84AE9}"
EndProject
Project("{8BC9CEB8-8B4A-11D0-8D11-00A0C91BC942}") = "tetris", "tetris\tetris.vcxproj", "{737CBB10-5EAD-468C-A1B4-C357415686FC}"
EndProject
Global
	GlobalSection(SolutionConfigurationPlatforms) = preSolution
		Debug|x64 = Debug|x64
		Debug|x86 = Debug|x86
		Release|x64 = Release|x64
		Release|x86 = Release|x86
	EndGlobalSection
	GlobalSection(ProjectConfigurationPlatforms) = postSolution
		{4DA3332F-4C51-4F3C-BB10-1D4C66D9ACB0}.Debug|x64.ActiveCfg = Debug|x64
		{4DA3332F-4C51-4F3C-BB10-1D4C66D9ACB0}.Debug|x64.Build.0 = Debug|x64
		{4DA3332F-4C51-4F3C-BB10-1D4C66D9ACB0}.Debug|x86.ActiveCfg = Debug|Win32
		{4DA3332F-4C51-4F3C-BB10-1D4C66D9ACB0}.Debug|x86.Build.0 = Debug|Win32
		{4DA3332F-4C51-4F3C-BB10-1D4C66D9ACB0}.Release|x64.ActiveCfg = Release|x64
		{4DA3332F-4C51-4F3C-BB10-1D4C66D9ACB0}.Release|x64.Build.0 = Release|x64
		{4DA3332F-4C51-4F3C-BB10-1D4C66D9ACB0}.Release|x86.ActiveCfg = Release|Win32
		{4DA3332F-4C51-4F3C-BB10-1D4C66D9ACB0}.Release|x86.Build.0 = Release|Win32
		{FB07DBE0-ACF8-4BA3-BA16-9F09A9F329AF}.Debug|x64.ActiveCfg = Debug|x64
		{FB07DBE0-ACF8-4BA3-BA16-9F09A9F329AF}.Debug|x64.Build.0 = Debug|x64
		{FB07DBE0-ACF8-4BA3-BA16-9F09A9F329AF}.Debug|x86.ActiveCfg = Debug|Win32
		{FB07DBE0-ACF8-4BA3-BA16-9F09A9F329AF}.Debug|x86.Build.0 = Debug|Win32
		{FB07DBE0-ACF8-4BA3-BA16-9F09A9F329AF}.Release|x64.ActiveCfg = Release|x64
		{FB07DBE0-ACF8-4BA3-BA16-9F09A9F329AF}.Release|x64.Build.0 = Release|x64
		{FB07DBE0-ACF8-4BA3-BA16-9F09A9F329AF}.Release|x86.ActiveCfg = Release|Win32
		{FB07DBE0-ACF8-4BA3-BA16-9F09A9F329AF}.Release|x86.Build.0 = Release|Win32
		{FB6E38DC-6715-4FFF-9EBA-A477429AA83D}.Debug|x64.ActiveCfg = Debug|x64
		{FB6E38DC-6715-4FFF-9EBA-A477429AA83D}.Debug|x64.Build.0 = Debug|x64
		{FB6E38DC-6715-4FFF-9EBA-A477429AA83D}.Debug|x86.ActiveCfg = Debug|Win32
		{FB6E38DC-6715-4FFF-9EBA-A477429AA83D}.Debug|x86.Build.0 = Debug|Win32
		{FB6E38DC-6715-4FFF-9EBA-A477429AA83D}.Release|x64.ActiveCfg = Release|x64
		{FB6E38DC-6715-4FFF-9EBA-A477429AA83D}.Release|x64.Build.0 = Release|x64
		{FB6E38DC-6715-4FFF-9EBA-A477429AA83D}.Release|x86.ActiveCfg = Release|Win32
		{FB6E38DC-6715-4FFF-9EBA-A477429AA83D}.Release|x86.Build.0 = Release|Win32
		{C36AC96F-DE8C-41E7-8DCA-1C7E34D05F26}.Debug|x64.ActiveCfg = Debug|x64
		{C36AC96F-DE8C-41E7-8DCA-1C7E34D05F26}.Debug|x64.Build.0 = Debug|x64
		{C36AC96F-DE8C-41E7-8DCA-1C7E34D05F26}.Debug|x86.ActiveCfg = Debug|Win32
		{C36AC96F-DE8C-41E7-8DCA-1C7E34D05F26}.Debug|x86.Build.0 = Debug|Win32
		{C36AC96F-DE8C-41E7-8DCA-1C7E34D05F26}.Release|x64.ActiveCfg = Release|x64
		{C36AC96F-DE8C-41E7-8DCA-1C7E34D05F26}.Release|x64.Build.0 = Release|x64
		{C36AC96F-DE8C-41E7-8DCA-1C7E34D05F26}.Release|x86.ActiveCfg = Release|Win32
		{C36AC96F-DE8C-41E7-8DCA-1C7E34D05F26}.Release|x86.Build.0 = Release|Win32
		{CF25AC63-8974-4C0B-B361-76F440D6ED1A}.Debug|x64.ActiveCfg = Debug|x64
		{CF25AC63-8974-4C0B-B361-76F440D6ED1A}.Debug|x64.Build.0 = Debug|x64
		{CF25AC63-8974-4C0B-B361-76F440D6ED1A}.Debug|x86.ActiveCfg = Debug|Win32
		{CF25AC63-8974-4C0B-B361-76F440D6ED1A}.Debug|x86.Build.0 = Debug|Win32
		{CF25AC63-8974-4C0B-B361-76F440D6ED1A}.Release|x64.ActiveCfg = Release|x64
		{CF25AC63-8974-4C0B-B361-76F440D6ED1A}.Release|x64.Build.0 = Release|x64
		{CF25AC63-8974-4C0B-B361-76F440D6ED1A}.Release|x86.ActiveCfg = Release|Win32
		{CF25AC63-8974-4C0B-B361-76F440D6ED1A}.Release|x86.Build.0 = Release|Win32
		{5E6C4F08-C624-4485-8072-0BCB15487C2A}.Debug|x64.ActiveCfg = Debug|x64
		{5E6C4F08-C624-4485-8072-0BCB15487C2A}.Debug|x64.Build.0 = Debug|x64
		{5E6C4F08-C624-4485-8072-0BCB15487C2A}.Debug|x86.ActiveCfg = Debug|Win32
		{5E6C4F08-C624-4485-8072-0BCB15487C2A}.Debug|x86.Build.0 = Debug|Win32
		{5E6C4F08-C624-4485-8072-0BCB15487C2A}.Release|x64.ActiveCfg = Release|x64
		{5E6C4F08-C624-4485-8072-0BCB15487C2A}.Release|x64.Build.0 = Release|x64
		{5E6C4F08-C624-4485-8072-0BCB15487C2A}.Release|x86.ActiveCfg = Release|Win32
		{5E6C4F08-C624-4485-8072-0BCB15487C2A}.Release|x86.Build.0 = Release|Win32
		{9EA2E176-52DC-410F-8F0A-50030A2234A2}.Debug|x64.ActiveCfg = Debug|x64
		{9EA2E176-52DC-410F-8F0A-50030A2234A2}.Debug|x64.Build.0 = Debug|x64
		{9EA2E176-52DC-410F-8F0A-50030A2234A2}.Debug|x86.ActiveCfg = Debug|Win32
		{9EA2E176-52DC-410F-8F0A-50030A2234A2}.Debug|x86.Build.0 = Debug|Win32
		{9EA2E176-52DC-410F-8F0A-50030A2234A2}.Release|x64.ActiveCfg = Release|x64
		{9EA2E176-52DC-410F-8F0A-50030A2234A2}.Release|x64.Build.0 = Release|x64
		{9EA2E176-52DC-410F-8F0A-50030A2234A2}.Release|x86.ActiveCfg = Release|Win32
		{9EA2E176-52DC-410F-8F0A-50030A2234A2}.Release|x86.Build.0 = Release|Win32
		{E8A83558-046E-4374-A554-1BFA9B81C4DC}.Debug|x64.ActiveCfg = Debug|x64
		{E8A83558-046E-4374-A554-1BFA9B81C4DC}.Debug|x64.Build.0 = Debug|x64
		{E8A83558-046E-4374-A554-1BFA9B81C4DC}.Debug|x86.ActiveCfg = Debug|Win32
		{E8A83558-046E-4374-A554-1BFA9B81C4DC}.Debug|x86.Build.0 = Debug|Win32
		{E8A83558-046E-4374-A554-1BFA9B81C4DC}.Release|x64.ActiveCfg = Release|x64
		{E8A83558-046E-4374-A554-1BFA9B81C4DC}.Release|x64.Build.0 = Release|x64
		{E8A83558-046E-4374-A554-1BFA9B81C4DC}.Release|x86.ActiveCfg = Release|Win32
		{E8A83558-046E-4374-A554-1BFA9B81C4DC}.Release|x86.Build.0 = Release|Win32
		{C265CD83-B303-4E2C-9A2A-491DC47B921D}.Debug|x64.ActiveCfg = Debug|x64
		{C265CD83-B303-4E2C-9A2A-491DC47B921D}.Debug|x64.Build.0 = Debug|x64
		{C265CD83-B303-4E2C-9A2A-491DC47B921D}.Debug|x86.ActiveCfg = Debug|Win32
		{C265CD83-B303-4E2C-9A2A-491DC47B921D}.Debug|x86.Build.0 = Debug|Win32
		{C265CD83-B303-4E2C-9A2A-491DC47B921D}.Release|x64.ActiveCfg = Release|x64
		{C265CD83-B303-4E2C-9A2A-491DC47B921D}.Release|x64.Build.0 = Release|x64
		{C265CD83-B303-4E2C-9A2A-491DC47B921D}.Release|x86.ActiveCfg = Release|Win32
		{C265CD83-B303-4E2C-9A2A-491DC47B921D}.Release|x86.Build.0 = Release|Win32
		{75ABD8F3-A37D-4ED0-9BA2-20EB00E48724}.Debug|x64.ActiveCfg = Debug|x64
		{75ABD8F3-A37D-4ED0-9BA2-20EB00E48724}.Debug|x64.Build.0 = Debug|x64
		{75ABD8F3-A37D-4ED0-9BA2-20EB00E48724}.Debug|x86.ActiveCfg = Debug|Win32
		{75ABD8F3-A37D-4ED0-9BA2-20EB00E48724}.Debug|x86.Build.0 = Debug|Win32
		{75ABD8F3-A37D-4ED0-9BA2-20EB00E48724}.Release|x64.ActiveCfg = Release|x64
		{75ABD8F3-A37D-4ED0-9BA2-20EB00E48724}.Release|x64.Build.0 = Release|x64
		{75ABD8F3-A37D-4ED0-9BA2-20EB00E48724}.Release|x86.ActiveCfg = Release|Win32
		{75ABD8F3-A37D-4ED0-9BA2-20EB00E48724}.Release|x86.Build.0 = Release|Win32
		{EC6C4F0C-AA4A-4408-A0C5-5E9FDB55A830}.Debug|x64.ActiveCfg = Debug|x64
		{EC6C4F0C-AA4A-4408-A0C5-5E9FDB55A830}.Debug|x64.Build.0 = Debug|x64
		{EC6C4F0C-AA4A-4408-A0C5-5E9FDB55A830}.Debug|x86.ActiveCfg = Debug|Win32
		{EC6C4F0C-AA4A-4408-A0C5-5E9FDB55A830}.Debug|x86.Build.0 = Debug|Win32
		{EC6C4F0C-AA4A-4408-A0C5-5E9FDB55A830}.Release|x64.ActiveCfg = Release|x64
		{EC6C4F0C-AA4A-4408-A0C5-5E9FDB55A830}.Release|x64.Build.0 = Release|x64
		{EC6C4F0C-AA4A-4408-A0C5-5E9FDB55A830}.Release|x86.ActiveCfg = Release|Win32
		{EC6C4F0C-AA4A-4408-A0C5-5E9FDB55A830}.Release|x86.Build.0 = Release|Win32
		{71DF9006-509E-41E9-90C6-090B94C84AE9}.Debug|x64.ActiveCfg = Debug|x64
		{71DF9006-509E-41E9-90C6-090B94C84AE9}.Debug|x64.Build.0 = Debug|x64
		{71DF9006-509E-41E9-90C6-090B94C84AE9}.Debug|x86.ActiveCfg = Debug|Win32
		{71DF9006-509E-41E9-90C6-090B94C84AE9}.Debug|x86.Build.0 = Debug|Win32
		{71DF9006-509E-41E9-90C6-090B94C84AE9}.Release|x64.ActiveCfg = Release|x64
		{71DF9006-509E-41E9-90C6-090B94C84AE9}.Release|x64.Build.0 = Release|x64
		{71DF9006-509E-41E9-90C6-090B94C84AE9}.Release|x86.ActiveCfg = Release|Win32
		{71DF9006-509E-41E9-90C6-090B94C84AE9}.Release|x86.Build.0 = Release|Win32
		{737CBB10-5EAD-468C-A1B4-C357415686FC}.Debug|x64.ActiveCfg = Debug|x64
		{737CBB10-5EAD-468C-A1B4-C357415686FC}.Debug|x64.Build.0 = Debug|x64
		{737CBB10-5EAD-468C-A1B4-C357415686FC}.Debug|x86.ActiveCfg = Debug|Win32
		{737CBB10-5EAD-468C-A1B4-C357415686FC}.Debug|x86.Build.0 = Debug|Win32
		{737CBB10-5EAD-468C-A1B4-C357415686FC}.Release|x64.ActiveCfg = Release|x64
		{737CBB10-5EAD-468C-A1B4-C357415686FC}.Release|x64.Build.0 = Release|x64
		{737CBB10-5EAD-468C-A1B4-C357415686FC}.Release|x86.ActiveCfg = Release|Win32
		{737CBB10-5EAD-468C-A1B4-C357415686FC}.Release|x86.Build.0 = Release|Win32
	EndGlobalSection
	GlobalSection(SolutionProperties) = preSolution
		HideSolutionNode = FALSE
	EndGlobalSection
EndGlobal
